
Microsoft Visual Studio Solution File, Format Version 12.00
# Visual Studio Version 18
VisualStudioVersion = 18.1.11312.151
MinimumVisualStudioVersion = 10.0.40219.1
Project("{8BC9CEB8-8B4A-11D0-8D11-00A0C91BC942}") = "WhatsClip", "WhatsClip.vcxproj", "{21D1EA28-933A-4A44-AF4F-F15BA6416BCC}"
EndProject
Project("{8BC9CEB8-8B4A-11D0-8D11-00A0C91BC942}") = "ClaFi", "..\..\Visual Studio Shared Items\ClaFi.vcxitems", "{6954ED2F-785A-436B-90A8-65188080FDB3}"
EndProject
Project("{8BC9CEB8-8B4A-11D0-8D11-00A0C91BC942}") = "WhatsClipLib", "WhatsClipLib.vcxitems", "{5AAC71D2-53F9-4806-98A0-FDD54C61ECD9}"
EndProject
Global
	GlobalSection(SolutionConfigurationPlatforms) = preSolution
		Debug|x64 = Debug|x64
		Debug|x86 = Debug|x86
		Release|x64 = Release|x64
		Release|x86 = Release|x86
	EndGlobalSection
	GlobalSection(ProjectConfigurationPlatforms) = postSolution
		{21D1EA28-933A-4A44-AF4F-F15BA6416BCC}.Debug|x64.ActiveCfg = Debug|x64
		{21D1EA28-933A-4A44-AF4F-F15BA6416BCC}.Debug|x64.Build.0 = Debug|x64
		{21D1EA28-933A-4A44-AF4F-F15BA6416BCC}.Debug|x86.ActiveCfg = Debug|Win32
		{21D1EA28-933A-4A44-AF4F-F15BA6416BCC}.Debug|x86.Build.0 = Debug|Win32
		{21D1EA28-933A-4A44-AF4F-F15BA6416BCC}.Release|x64.ActiveCfg = Release|x64
		{21D1EA28-933A-4A44-AF4F-F15BA6416BCC}.Release|x64.Build.0 = Release|x64
		{21D1EA28-933A-4A44-AF4F-F15BA6416BCC}.Release|x86.ActiveCfg = Release|Win32
		{21D1EA28-933A-4A44-AF4F-F15BA6416BCC}.Release|x86.Build.0 = Release|Win32
	EndGlobalSection
	GlobalSection(SolutionProperties) = preSolution
		HideSolutionNode = FALSE
	EndGlobalSection
	GlobalSection(ExtensibilityGlobals) = postSolution
		SolutionGuid = {7C4B0E93-2A1D-4F58-9E0B-3D6A1C55B742}
	EndGlobalSection
	GlobalSection(SharedMSBuildProjectFiles) = preSolution
		..\..\Visual Studio Shared Items\ClaFi.vcxitems*{6954ed2f-785a-436b-90a8-65188080fdb3}*SharedItemsImports = 9
		..\..\Visual Studio Shared Items\ClaFi.vcxitems*{21d1ea28-933a-4a44-af4f-f15ba6416bcc}*SharedItemsImports = 4
		WhatsClipLib.vcxitems*{5aac71d2-53f9-4806-98a0-fdd54c61ecd9}*SharedItemsImports = 9
		WhatsClipLib.vcxitems*{21d1ea28-933a-4a44-af4f-f15ba6416bcc}*SharedItemsImports = 4
	EndGlobalSection
EndGlobal
