<?xml version="1.0" encoding="utf-8"?>
<Project ToolsVersion="4.0" xmlns="http://schemas.microsoft.com/developer/msbuild/2003">
  <ItemGroup>
    <Filter Include="Src">
      <UniqueIdentifier>{4FC737F1-C7A5-4376-A066-2A32D752A2FF}</UniqueIdentifier>
      <Extensions>cpp;c;cc;cxx;c++;cppm;ixx;def;odl;idl;hpj;bat;asm;asmx</Extensions>
    </Filter>
  </ItemGroup>
  <ItemGroup>
    <ClCompile Include="Src\SeeDocs_App.Checks.cpp">
      <Filter>Src</Filter>
    </ClCompile>
    <ClCompile Include="Src\SeeDocs_App.Checks.cppm">
      <Filter>Src</Filter>
    </ClCompile>
    <ClCompile Include="Src\SeeDocs_App.Database.cpp">
      <Filter>Src</Filter>
    </ClCompile>
    <ClCompile Include="Src\SeeDocs_App.Database.cppm">
      <Filter>Src</Filter>
    </ClCompile>
    <ClCompile Include="Src\SeeDocs_App.Main.cpp">
      <Filter>Src</Filter>
    </ClCompile>
    <ClCompile Include="Src\SeeDocs_App.Main.cppm">
      <Filter>Src</Filter>
    </ClCompile>
    <ClCompile Include="Src\SeeDocs_App.Scanner.cpp">
      <Filter>Src</Filter>
    </ClCompile>
    <ClCompile Include="Src\SeeDocs_App.Scanner.cppm">
      <Filter>Src</Filter>
    </ClCompile>
    <ClCompile Include="Src\SeeDocs_App.Surface.cpp">
      <Filter>Src</Filter>
    </ClCompile>
    <ClCompile Include="Src\SeeDocs_App.Surface.cppm">
      <Filter>Src</Filter>
    </ClCompile>
    <ClCompile Include="Src\SeeDocs_Win32.cpp">
      <Filter>Src</Filter>
    </ClCompile>
  </ItemGroup>
  <ItemGroup>
    <None Include="Src\SeeDocs_Linux.cpp">
      <Filter>Src</Filter>
    </None>
    <None Include="README.md" />
  </ItemGroup>
</Project>