
Microsoft Visual Studio Solution File, Format Version 12.00
# Visual Studio Version 18
VisualStudioVersion = 18.1.11312.151
MinimumVisualStudioVersion = 10.0.40219.1
Project("{8BC9CEB8-8B4A-11D0-8D11-00A0C91BC942}") = "Themes", "Themes.vcxproj", "{848C942E-432E-4B4F-AC5D-803046D6364E}"
EndProject
Project("{8BC9CEB8-8B4A-11D0-8D11-00A0C91BC942}") = "ClaFi", "..\..\Visual Studio Shared Items\ClaFi.vcxitems", "{6954ED2F-785A-436B-90A8-65188080FDB3}"
EndProject
Global
	GlobalSection(SolutionConfigurationPlatforms) = preSolution
		Debug|x64 = Debug|x64
		Debug|x86 = Debug|x86
		Release|x64 = Release|x64
		Release|x86 = Release|x86
	EndGlobalSection
	GlobalSection(ProjectConfigurationPlatforms) = postSolution
		{848C942E-432E-4B4F-AC5D-803046D6364E}.Debug|x64.ActiveCfg = Debug|x64
		{848C942E-432E-4B4F-AC5D-803046D6364E}.Debug|x64.Build.0 = Debug|x64
		{848C942E-432E-4B4F-AC5D-803046D6364E}.Debug|x86.ActiveCfg = Debug|Win32
		{848C942E-432E-4B4F-AC5D-803046D6364E}.Debug|x86.Build.0 = Debug|Win32
		{848C942E-432E-4B4F-AC5D-803046D6364E}.Release|x64.ActiveCfg = Release|x64
		{848C942E-432E-4B4F-AC5D-803046D6364E}.Release|x64.Build.0 = Release|x64
		{848C942E-432E-4B4F-AC5D-803046D6364E}.Release|x86.ActiveCfg = Release|Win32
		{848C942E-432E-4B4F-AC5D-803046D6364E}.Release|x86.Build.0 = Release|Win32
	EndGlobalSection
	GlobalSection(SolutionProperties) = preSolution
		HideSolutionNode = FALSE
	EndGlobalSection
	GlobalSection(ExtensibilityGlobals) = postSolution
		SolutionGuid = {EB2A8212-6456-4F18-BC9C-511A9E857B90}
	EndGlobalSection
	GlobalSection(SharedMSBuildProjectFiles) = preSolution
		..\..\Visual Studio Shared Items\ClaFi.vcxitems*{6954ed2f-785a-436b-90a8-65188080fdb3}*SharedItemsImports = 9
		..\..\Visual Studio Shared Items\ClaFi.vcxitems*{848c942e-432e-4b4f-ac5d-803046d6364e}*SharedItemsImports = 4
	EndGlobalSection
EndGlobal
