<?xml version="1.0" encoding="utf-8"?>
<Project ToolsVersion="4.0" xmlns="http://schemas.microsoft.com/developer/msbuild/2003">
  <ItemGroup>
    <Filter Include="Resource Files">
      <UniqueIdentifier>{67DA6AB6-F800-4c08-8B7A-83BB121AAD01}</UniqueIdentifier>
      <Extensions>rc;ico;cur;bmp;dlg;rc2;rct;bin;rgs;gif;jpg;jpeg;jpe;resx;tiff;tif;png;wav;mfcribbon-ms</Extensions>
    </Filter>
    <Filter Include="Src">
      <UniqueIdentifier>{4FC737F1-C7A5-4376-A066-2A32D752A2FF}</UniqueIdentifier>
      <Extensions>cpp;c;cc;cxx;c++;cppm;ixx;def;odl;idl;hpj;bat;asm;asmx</Extensions>
    </Filter>
    <Filter Include="Src\Pages">
      <UniqueIdentifier>{a02ac384-408d-4f16-9ef0-8033cf5c7aae}</UniqueIdentifier>
    </Filter>
    <Filter Include="Src\Util">
      <UniqueIdentifier>{67c91bc0-d9ad-4359-b945-316d93394e2b}</UniqueIdentifier>
    </Filter>
  </ItemGroup>
  <ItemGroup>
    <ClCompile Include="Src\Themes_Icon.cpp">
      <Filter>Src</Filter>
    </ClCompile>
    <ClCompile Include="Src\Themes_Icon.cppm">
      <Filter>Src</Filter>
    </ClCompile>
    <ClCompile Include="Src\Themes_BrowserControl.cppm">
      <Filter>Src</Filter>
    </ClCompile>
    <ClCompile Include="Src\Themes_Main.cpp">
      <Filter>Src</Filter>
    </ClCompile>
    <ClCompile Include="Src\Themes_Main.cppm">
      <Filter>Src</Filter>
    </ClCompile>
    <ClCompile Include="Src\Themes_Win32.cpp">
      <Filter>Src</Filter>
    </ClCompile>
    <ClCompile Include="Src\Pages\BasePage.cppm">
      <Filter>Src\Pages</Filter>
    </ClCompile>
    <ClCompile Include="Src\Pages\HomePage.cppm">
      <Filter>Src\Pages</Filter>
    </ClCompile>
    <ClCompile Include="Src\Pages\PreviewPanel.cppm">
      <Filter>Src\Pages</Filter>
    </ClCompile>
    <ClCompile Include="Src\Pages\ThemePage.cpp">
      <Filter>Src\Pages</Filter>
    </ClCompile>
    <ClCompile Include="Src\Pages\ThemePage.cppm">
      <Filter>Src\Pages</Filter>
    </ClCompile>
    <ClCompile Include="Src\Util\ThisApp.CodeOptions.cpp">
      <Filter>Src\Util</Filter>
    </ClCompile>
    <ClCompile Include="Src\Util\ThisApp.CodeOptions.cppm">
      <Filter>Src\Util</Filter>
    </ClCompile>
    <ClCompile Include="Src\Util\ThisApp.Consts.cppm">
      <Filter>Src\Util</Filter>
    </ClCompile>
    <ClCompile Include="Src\Util\ThisApp.FloorSlider.cpp">
      <Filter>Src\Util</Filter>
    </ClCompile>
    <ClCompile Include="Src\Util\ThisApp.FloorSlider.cppm">
      <Filter>Src\Util</Filter>
    </ClCompile>
    <ClCompile Include="Src\Util\ThisApp.HueRuleControl.cppm">
      <Filter>Src\Util</Filter>
    </ClCompile>
    <ClCompile Include="Src\Util\ThisApp.Palette.Controls.cppm">
      <Filter>Src\Util</Filter>
    </ClCompile>
    <ClCompile Include="Src\Util\ThisApp.RuleSlider.cppm">
      <Filter>Src\Util</Filter>
    </ClCompile>
    <ClCompile Include="Src\Util\ThisApp.ThemeToCppCode.cpp">
      <Filter>Src\Util</Filter>
    </ClCompile>
    <ClCompile Include="Src\Util\ThisApp.ThemeToCppCode.cppm">
      <Filter>Src\Util</Filter>
    </ClCompile>
    <ClCompile Include="Src\Util\ThisApp.Utils.cppm">
      <Filter>Src\Util</Filter>
    </ClCompile>
  </ItemGroup>
  <ItemGroup>
    <ClInclude Include="resource.h" />
  </ItemGroup>
  <ItemGroup>
    <None Include="Src\Themes_Wayland.cpp">
      <Filter>Src</Filter>
    </None>
  </ItemGroup>
  <ItemGroup>
    <ResourceCompile Include="Themes.rc">
      <Filter>Resource Files</Filter>
    </ResourceCompile>
  </ItemGroup>
  <ItemGroup>
    <Image Include="..\..\Icons\Resources\ClaFi.ico">
      <Filter>Resource Files</Filter>
    </Image>
  </ItemGroup>
</Project>